// !$*UTF8*$!
{
	archiveVersion = 1;
	classes = {
	};
	objectVersion = 50;
	objects = {

/* Begin PBXBuildFile section */
		6E09A373260A8D3200212A2C /* VC_Registration.swift in Sources */ = {isa = PBXBuildFile; fileRef = 6E09A372260A8D3200212A2C /* VC_Registration.swift */; };
		6E09A377260A8FBD00212A2C /* Functions.swift in Sources */ = {isa = PBXBuildFile; fileRef = 6E09A376260A8FBD00212A2C /* Functions.swift */; };
		6E09A37B260B3E3F00212A2C /* Extensions.swift in Sources */ = {isa = PBXBuildFile; fileRef = 6E09A37A260B3E3F00212A2C /* Extensions.swift */; };
		6E09A37E260B534900212A2C /* VC_Login.swift in Sources */ = {isa = PBXBuildFile; fileRef = 6E09A37D260B534900212A2C /* VC_Login.swift */; };
		6E09A381260B94DF00212A2C /* VC_Home.swift in Sources */ = {isa = PBXBuildFile; fileRef = 6E09A380260B94DF00212A2C /* VC_Home.swift */; };
		6E09A384260BAE1700212A2C /* TVcell_AccountList.swift in Sources */ = {isa = PBXBuildFile; fileRef = 6E09A383260BAE1700212A2C /* TVcell_AccountList.swift */; };
		6E09A387260D49E600212A2C /* VC_AddBankAccount.swift in Sources */ = {isa = PBXBuildFile; fileRef = 6E09A386260D49E600212A2C /* VC_AddBankAccount.swift */; };
		6E09A38A260D73F100212A2C /* VC_TransferMoney.swift in Sources */ = {isa = PBXBuildFile; fileRef = 6E09A389260D73F100212A2C /* VC_TransferMoney.swift */; };
		6E684A762609AF65003D1579 /* ModelClass.swift in Sources */ = {isa = PBXBuildFile; fileRef = 6E684A752609AF65003D1579 /* ModelClass.swift */; };
		6E684A7B2609B026003D1579 /* FileUtils.swift in Sources */ = {isa = PBXBuildFile; fileRef = 6E684A7A2609B026003D1579 /* FileUtils.swift */; };
		6E83616F25FE88F100E7D851 /* AppDelegate.swift in Sources */ = {isa = PBXBuildFile; fileRef = 6E83616E25FE88F100E7D851 /* AppDelegate.swift */; };
		6E83617125FE88F100E7D851 /* SceneDelegate.swift in Sources */ = {isa = PBXBuildFile; fileRef = 6E83617025FE88F100E7D851 /* SceneDelegate.swift */; };
		6E83617325FE88F100E7D851 /* ViewController.swift in Sources */ = {isa = PBXBuildFile; fileRef = 6E83617225FE88F100E7D851 /* ViewController.swift */; };
		6E83617625FE88F100E7D851 /* Main.storyboard in Resources */ = {isa = PBXBuildFile; fileRef = 6E83617425FE88F100E7D851 /* Main.storyboard */; };
		6E83617825FE88F600E7D851 /* Assets.xcassets in Resources */ = {isa = PBXBuildFile; fileRef = 6E83617725FE88F600E7D851 /* Assets.xcassets */; };
		6E83617B25FE88F600E7D851 /* LaunchScreen.storyboard in Resources */ = {isa = PBXBuildFile; fileRef = 6E83617925FE88F600E7D851 /* LaunchScreen.storyboard */; };
/* End PBXBuildFile section */

/* Begin PBXFileReference section */
		6E09A372260A8D3200212A2C /* VC_Registration.swift */ = {isa = PBXFileReference; lastKnownFileType = sourcecode.swift; path = VC_Registration.swift; sourceTree = "<group>"; };
		6E09A376260A8FBD00212A2C /* Functions.swift */ = {isa = PBXFileReference; lastKnownFileType = sourcecode.swift; path = Functions.swift; sourceTree = "<group>"; };
		6E09A37A260B3E3F00212A2C /* Extensions.swift */ = {isa = PBXFileReference; lastKnownFileType = sourcecode.swift; path = Extensions.swift; sourceTree = "<group>"; };
		6E09A37D260B534900212A2C /* VC_Login.swift */ = {isa = PBXFileReference; lastKnownFileType = sourcecode.swift; path = VC_Login.swift; sourceTree = "<group>"; };
		6E09A380260B94DF00212A2C /* VC_Home.swift */ = {isa = PBXFileReference; lastKnownFileType = sourcecode.swift; path = VC_Home.swift; sourceTree = "<group>"; };
		6E09A383260BAE1700212A2C /* TVcell_AccountList.swift */ = {isa = PBXFileReference; lastKnownFileType = sourcecode.swift; path = TVcell_AccountList.swift; sourceTree = "<group>"; };
		6E09A386260D49E600212A2C /* VC_AddBankAccount.swift */ = {isa = PBXFileReference; lastKnownFileType = sourcecode.swift; path = VC_AddBankAccount.swift; sourceTree = "<group>"; };
		6E09A389260D73F100212A2C /* VC_TransferMoney.swift */ = {isa = PBXFileReference; lastKnownFileType = sourcecode.swift; path = VC_TransferMoney.swift; sourceTree = "<group>"; };
		6E684A752609AF65003D1579 /* ModelClass.swift */ = {isa = PBXFileReference; lastKnownFileType = sourcecode.swift; path = ModelClass.swift; sourceTree = "<group>"; };
		6E684A7A2609B026003D1579 /* FileUtils.swift */ = {isa = PBXFileReference; lastKnownFileType = sourcecode.swift; path = FileUtils.swift; sourceTree = "<group>"; };
		6E83616B25FE88F100E7D851 /* iBank.app */ = {isa = PBXFileReference; explicitFileType = wrapper.application; includeInIndex = 0; path = iBank.app; sourceTree = BUILT_PRODUCTS_DIR; };
		6E83616E25FE88F100E7D851 /* AppDelegate.swift */ = {isa = PBXFileReference; lastKnownFileType = sourcecode.swift; path = AppDelegate.swift; sourceTree = "<group>"; };
		6E83617025FE88F100E7D851 /* SceneDelegate.swift */ = {isa = PBXFileReference; lastKnownFileType = sourcecode.swift; path = SceneDelegate.swift; sourceTree = "<group>"; };
		6E83617225FE88F100E7D851 /* ViewController.swift */ = {isa = PBXFileReference; lastKnownFileType = sourcecode.swift; path = ViewController.swift; sourceTree = "<group>"; };
		6E83617525FE88F100E7D851 /* Base */ = {isa = PBXFileReference; lastKnownFileType = file.storyboard; name = Base; path = Base.lproj/Main.storyboard; sourceTree = "<group>"; };
		6E83617725FE88F600E7D851 /* Assets.xcassets */ = {isa = PBXFileReference; lastKnownFileType = folder.assetcatalog; path = Assets.xcassets; sourceTree = "<group>"; };
		6E83617A25FE88F600E7D851 /* Base */ = {isa = PBXFileReference; lastKnownFileType = file.storyboard; name = Base; path = Base.lproj/LaunchScreen.storyboard; sourceTree = "<group>"; };
		6E83617C25FE88F600E7D851 /* Info.plist */ = {isa = PBXFileReference; lastKnownFileType = text.plist.xml; path = Info.plist; sourceTree = "<group>"; };
/* End PBXFileReference section */

/* Begin PBXFrameworksBuildPhase section */
		6E83616825FE88F100E7D851 /* Frameworks */ = {
			isa = PBXFrameworksBuildPhase;
			buildActionMask = 2147483647;
			files = (
			);
			runOnlyForDeploymentPostprocessing = 0;
		};
/* End PBXFrameworksBuildPhase section */

/* Begin PBXGroup section */
		6E83616225FE88F000E7D851 = {
			isa = PBXGroup;
			children = (
				6E83616D25FE88F100E7D851 /* iBank */,
				6E83616C25FE88F100E7D851 /* Products */,
			);
			sourceTree = "<group>";
		};
		6E83616C25FE88F100E7D851 /* Products */ = {
			isa = PBXGroup;
			children = (
				6E83616B25FE88F100E7D851 /* iBank.app */,
			);
			name = Products;
			sourceTree = "<group>";
		};
		6E83616D25FE88F100E7D851 /* iBank */ = {
			isa = PBXGroup;
			children = (
				6E83617725FE88F600E7D851 /* Assets.xcassets */,
				6E83616E25FE88F100E7D851 /* AppDelegate.swift */,
				6E83617025FE88F100E7D851 /* SceneDelegate.swift */,
				6E83617C25FE88F600E7D851 /* Info.plist */,
				6E83617925FE88F600E7D851 /* LaunchScreen.storyboard */,
				6E83617425FE88F100E7D851 /* Main.storyboard */,
				6E83617225FE88F100E7D851 /* ViewController.swift */,
				6E09A372260A8D3200212A2C /* VC_Registration.swift */,
				6E09A37D260B534900212A2C /* VC_Login.swift */,
				6E09A380260B94DF00212A2C /* VC_Home.swift */,
				6E09A383260BAE1700212A2C /* TVcell_AccountList.swift */,
				6E09A376260A8FBD00212A2C /* Functions.swift */,
				6E684A752609AF65003D1579 /* ModelClass.swift */,
				6E684A7A2609B026003D1579 /* FileUtils.swift */,
				6E09A37A260B3E3F00212A2C /* Extensions.swift */,
				6E09A386260D49E600212A2C /* VC_AddBankAccount.swift */,
				6E09A389260D73F100212A2C /* VC_TransferMoney.swift */,
			);
			path = iBank;
			sourceTree = "<group>";
		};
/* End PBXGroup section */

/* Begin PBXNativeTarget section */
		6E83616A25FE88F100E7D851 /* iBank */ = {
			isa = PBXNativeTarget;
			buildConfigurationList = 6E83617F25FE88F600E7D851 /* Build configuration list for PBXNativeTarget "iBank" */;
			buildPhases = (
				6E83616725FE88F100E7D851 /* Sources */,
				6E83616825FE88F100E7D851 /* Frameworks */,
				6E83616925FE88F100E7D851 /* Resources */,
			);
			buildRules = (
			);
			dependencies = (
			);
			name = iBank;
			productName = iBank;
			productReference = 6E83616B25FE88F100E7D851 /* iBank.app */;
			productType = "com.apple.product-type.application";
		};
/* End PBXNativeTarget section */

/* Begin PBXProject section */
		6E83616325FE88F000E7D851 /* Project object */ = {
			isa = PBXProject;
			attributes = {
				LastSwiftUpdateCheck = 1240;
				LastUpgradeCheck = 1240;
				TargetAttributes = {
					6E83616A25FE88F100E7D851 = {
						CreatedOnToolsVersion = 12.4;
					};
				};
			};
			buildConfigurationList = 6E83616625FE88F000E7D851 /* Build configuration list for PBXProject "iBank" */;
			compatibilityVersion = "Xcode 9.3";
			developmentRegion = en;
			hasScannedForEncodings = 0;
			knownRegions = (
				en,
				Base,
			);
			mainGroup = 6E83616225FE88F000E7D851;
			productRefGroup = 6E83616C25FE88F100E7D851 /* Products */;
			projectDirPath = "";
			projectRoot = "";
			targets = (
				6E83616A25FE88F100E7D851 /* iBank */,
			);
		};
/* End PBXProject section */

/* Begin PBXResourcesBuildPhase section */
		6E83616925FE88F100E7D851 /* Resources */ = {
			isa = PBXResourcesBuildPhase;
			buildActionMask = 2147483647;
			files = (
				6E83617B25FE88F600E7D851 /* LaunchScreen.storyboard in Resources */,
				6E83617825FE88F600E7D851 /* Assets.xcassets in Resources */,
				6E83617625FE88F100E7D851 /* Main.storyboard in Resources */,
			);
			runOnlyForDeploymentPostprocessing = 0;
		};
/* End PBXResourcesBuildPhase section */

/* Begin PBXSourcesBuildPhase section */
		6E83616725FE88F100E7D851 /* Sources */ = {
			isa = PBXSourcesBuildPhase;
			buildActionMask = 2147483647;
			files = (
				6E09A387260D49E600212A2C /* VC_AddBankAccount.swift in Sources */,
				6E09A38A260D73F100212A2C /* VC_TransferMoney.swift in Sources */,
				6E83617325FE88F100E7D851 /* ViewController.swift in Sources */,
				6E09A384260BAE1700212A2C /* TVcell_AccountList.swift in Sources */,
				6E09A381260B94DF00212A2C /* VC_Home.swift in Sources */,
				6E83616F25FE88F100E7D851 /* AppDelegate.swift in Sources */,
				6E684A762609AF65003D1579 /* ModelClass.swift in Sources */,
				6E09A37B260B3E3F00212A2C /* Extensions.swift in Sources */,
				6E09A37E260B534900212A2C /* VC_Login.swift in Sources */,
				6E09A377260A8FBD00212A2C /* Functions.swift in Sources */,
				6E09A373260A8D3200212A2C /* VC_Registration.swift in Sources */,
				6E83617125FE88F100E7D851 /* SceneDelegate.swift in Sources */,
				6E684A7B2609B026003D1579 /* FileUtils.swift in Sources */,
			);
			runOnlyForDeploymentPostprocessing = 0;
		};
/* End PBXSourcesBuildPhase section */

/* Begin PBXVariantGroup section */
		6E83617425FE88F100E7D851 /* Main.storyboard */ = {
			isa = PBXVariantGroup;
			children = (
				6E83617525FE88F100E7D851 /* Base */,
			);
			name = Main.storyboard;
			sourceTree = "<group>";
		};
		6E83617925FE88F600E7D851 /* LaunchScreen.storyboard */ = {
			isa = PBXVariantGroup;
			children = (
				6E83617A25FE88F600E7D851 /* Base */,
			);
			name = LaunchScreen.storyboard;
			sourceTree = "<group>";
		};
/* End PBXVariantGroup section */

/* Begin XCBuildConfiguration section */
		6E83617D25FE88F600E7D851 /* Debug */ = {
			isa = XCBuildConfiguration;
			buildSettings = {
				ALWAYS_SEARCH_USER_PATHS = NO;
				CLANG_ANALYZER_NONNULL = YES;
				CLANG_ANALYZER_NUMBER_OBJECT_CONVERSION = YES_AGGRESSIVE;
				CLANG_CXX_LANGUAGE_STANDARD = "gnu++14";
				CLANG_CXX_LIBRARY = "libc++";
				CLANG_ENABLE_MODULES = YES;
				CLANG_ENABLE_OBJC_ARC = YES;
				CLANG_ENABLE_OBJC_WEAK = YES;
				CLANG_WARN_BLOCK_CAPTURE_AUTORELEASING = YES;
				CLANG_WARN_BOOL_CONVERSION = YES;
				CLANG_WARN_COMMA = YES;
				CLANG_WARN_CONSTANT_CONVERSION = YES;
				CLANG_WARN_DEPRECATED_OBJC_IMPLEMENTATIONS = YES;
				CLANG_WARN_DIRECT_OBJC_ISA_USAGE = YES_ERROR;
				CLANG_WARN_DOCUMENTATION_COMMENTS = YES;
				CLANG_WARN_EMPTY_BODY = YES;
				CLANG_WARN_ENUM_CONVERSION = YES;
				CLANG_WARN_INFINITE_RECURSION = YES;
				CLANG_WARN_INT_CONVERSION = YES;
				CLANG_WARN_NON_LITERAL_NULL_CONVERSION = YES;
				CLANG_WARN_OBJC_IMPLICIT_RETAIN_SELF = YES;
				CLANG_WARN_OBJC_LITERAL_CONVERSION = YES;
				CLANG_WARN_OBJC_ROOT_CLASS = YES_ERROR;
				CLANG_WARN_QUOTED_INCLUDE_IN_FRAMEWORK_HEADER = YES;
				CLANG_WARN_RANGE_LOOP_ANALYSIS = YES;
				CLANG_WARN_STRICT_PROTOTYPES = YES;
				CLANG_WARN_SUSPICIOUS_MOVE = YES;
				CLANG_WARN_UNGUARDED_AVAILABILITY = YES_AGGRESSIVE;
				CLANG_WARN_UNREACHABLE_CODE = YES;
				CLANG_WARN__DUPLICATE_METHOD_MATCH = YES;
				COPY_PHASE_STRIP = NO;
				DEBUG_INFORMATION_FORMAT = dwarf;
				ENABLE_STRICT_OBJC_MSGSEND = YES;
				ENABLE_TESTABILITY = YES;
				GCC_C_LANGUAGE_STANDARD = gnu11;
				GCC_DYNAMIC_NO_PIC = NO;
				GCC_NO_COMMON_BLOCKS = YES;
				GCC_OPTIMIZATION_LEVEL = 0;
				GCC_PREPROCESSOR_DEFINITIONS = (
					"DEBUG=1",
					"$(inherited)",
				);
				GCC_WARN_64_TO_32_BIT_CONVERSION = YES;
				GCC_WARN_ABOUT_RETURN_TYPE = YES_ERROR;
				GCC_WARN_UNDECLARED_SELECTOR = YES;
				GCC_WARN_UNINITIALIZED_AUTOS = YES_AGGRESSIVE;
				GCC_WARN_UNUSED_FUNCTION = YES;
				GCC_WARN_UNUSED_VARIABLE = YES;
				IPHONEOS_DEPLOYMENT_TARGET = 14.4;
				MTL_ENABLE_DEBUG_INFO = INCLUDE_SOURCE;
				MTL_FAST_MATH = YES;
				ONLY_ACTIVE_ARCH = YES;
				SDKROOT = iphoneos;
				SWIFT_ACTIVE_COMPILATION_CONDITIONS = DEBUG;
				SWIFT_OPTIMIZATION_LEVEL = "-Onone";
			};
			name = Debug;
		};
		6E83617E25FE88F600E7D851 /* Release */ = {
			isa = XCBuildConfiguration;
			buildSettings = {
				ALWAYS_SEARCH_USER_PATHS = NO;
				CLANG_ANALYZER_NONNULL = YES;
				CLANG_ANALYZER_NUMBER_OBJECT_CONVERSION = YES_AGGRESSIVE;
				CLANG_CXX_LANGUAGE_STANDARD = "gnu++14";
				CLANG_CXX_LIBRARY = "libc++";
				CLANG_ENABLE_MODULES = YES;
				CLANG_ENABLE_OBJC_ARC = YES;
				CLANG_ENABLE_OBJC_WEAK = YES;
				CLANG_WARN_BLOCK_CAPTURE_AUTORELEASING = YES;
				CLANG_WARN_BOOL_CONVERSION = YES;
				CLANG_WARN_COMMA = YES;
				CLANG_WARN_CONSTANT_CONVERSION = YES;
				CLANG_WARN_DEPRECATED_OBJC_IMPLEMENTATIONS = YES;
				CLANG_WARN_DIRECT_OBJC_ISA_USAGE = YES_ERROR;
				CLANG_WARN_DOCUMENTATION_COMMENTS = YES;
				CLANG_WARN_EMPTY_BODY = YES;
				CLANG_WARN_ENUM_CONVERSION = YES;
				CLANG_WARN_INFINITE_RECURSION = YES;
				CLANG_WARN_INT_CONVERSION = YES;
				CLANG_WARN_NON_LITERAL_NULL_CONVERSION = YES;
				CLANG_WARN_OBJC_IMPLICIT_RETAIN_SELF = YES;
				CLANG_WARN_OBJC_LITERAL_CONVERSION = YES;
				CLANG_WARN_OBJC_ROOT_CLASS = YES_ERROR;
				CLANG_WARN_QUOTED_INCLUDE_IN_FRAMEWORK_HEADER = YES;
				CLANG_WARN_RANGE_LOOP_ANALYSIS = YES;
				CLANG_WARN_STRICT_PROTOTYPES = YES;
				CLANG_WARN_SUSPICIOUS_MOVE = YES;
				CLANG_WARN_UNGUARDED_AVAILABILITY = YES_AGGRESSIVE;
				CLANG_WARN_UNREACHABLE_CODE = YES;
				CLANG_WARN__DUPLICATE_METHOD_MATCH = YES;
				COPY_PHASE_STRIP = NO;
				DEBUG_INFORMATION_FORMAT = "dwarf-with-dsym";
				ENABLE_NS_ASSERTIONS = NO;
				ENABLE_STRICT_OBJC_MSGSEND = YES;
				GCC_C_LANGUAGE_STANDARD = gnu11;
				GCC_NO_COMMON_BLOCKS = YES;
				GCC_WARN_64_TO_32_BIT_CONVERSION = YES;
				GCC_WARN_ABOUT_RETURN_TYPE = YES_ERROR;
				GCC_WARN_UNDECLARED_SELECTOR = YES;
				GCC_WARN_UNINITIALIZED_AUTOS = YES_AGGRESSIVE;
				GCC_WARN_UNUSED_FUNCTION = YES;
				GCC_WARN_UNUSED_VARIABLE = YES;
				IPHONEOS_DEPLOYMENT_TARGET = 14.4;
				MTL_ENABLE_DEBUG_INFO = NO;
				MTL_FAST_MATH = YES;
				SDKROOT = iphoneos;
				SWIFT_COMPILATION_MODE = wholemodule;
				SWIFT_OPTIMIZATION_LEVEL = "-O";
				VALIDATE_PRODUCT = YES;
			};
			name = Release;
		};
		6E83618025FE88F600E7D851 /* Debug */ = {
			isa = XCBuildConfiguration;
			buildSettings = {
				ASSETCATALOG_COMPILER_APPICON_NAME = AppIcon;
				ASSETCATALOG_COMPILER_GLOBAL_ACCENT_COLOR_NAME = AccentColor;
				CODE_SIGN_STYLE = Automatic;
				INFOPLIST_FILE = iBank/Info.plist;
				LD_RUNPATH_SEARCH_PATHS = (
					"$(inherited)",
					"@executable_path/Frameworks",
				);
				PRODUCT_BUNDLE_IDENTIFIER = com.thekeval.iBank;
				PRODUCT_NAME = "$(TARGET_NAME)";
				SWIFT_VERSION = 5.0;
				TARGETED_DEVICE_FAMILY = "1,2";
			};
			name = Debug;
		};
		6E83618125FE88F600E7D851 /* Release */ = {
			isa = XCBuildConfiguration;
			buildSettings = {
				ASSETCATALOG_COMPILER_APPICON_NAME = AppIcon;
				ASSETCATALOG_COMPILER_GLOBAL_ACCENT_COLOR_NAME = AccentColor;
				CODE_SIGN_STYLE = Automatic;
				INFOPLIST_FILE = iBank/Info.plist;
				LD_RUNPATH_SEARCH_PATHS = (
					"$(inherited)",
					"@executable_path/Frameworks",
				);
				PRODUCT_BUNDLE_IDENTIFIER = com.thekeval.iBank;
				PRODUCT_NAME = "$(TARGET_NAME)";
				SWIFT_VERSION = 5.0;
				TARGETED_DEVICE_FAMILY = "1,2";
			};
			name = Release;
		};
/* End XCBuildConfiguration section */

/* Begin XCConfigurationList section */
		6E83616625FE88F000E7D851 /* Build configuration list for PBXProject "iBank" */ = {
			isa = XCConfigurationList;
			buildConfigurations = (
				6E83617D25FE88F600E7D851 /* Debug */,
				6E83617E25FE88F600E7D851 /* Release */,
			);
			defaultConfigurationIsVisible = 0;
			defaultConfigurationName = Release;
		};
		6E83617F25FE88F600E7D851 /* Build configuration list for PBXNativeTarget "iBank" */ = {
			isa = XCConfigurationList;
			buildConfigurations = (
				6E83618025FE88F600E7D851 /* Debug */,
				6E83618125FE88F600E7D851 /* Release */,
			);
			defaultConfigurationIsVisible = 0;
			defaultConfigurationName = Release;
		};
/* End XCConfigurationList section */
	};
	rootObject = 6E83616325FE88F000E7D851 /* Project object */;
}
